
Microsoft Visual Studio Solution File, Format Version 12.00
# Visual Studio Version 16
VisualStudioVersion = 16.0.28922.388
MinimumVisualStudioVersion = 10.0.40219.1
Project("{62337CAD-D112-4F5A-9056-A9416E4025FD}") = "PingDong.CleanArchitect.Service.Testing", "src\PingDong.CleanArchitect.Service.Testing\PingDong.CleanArchitect.Service.Testing.csproj", "{0C8ECA2F-B875-4176-B2ED-D08639CDD1C8}"
EndProject
Project("{BAD9393C-7B1E-4967-AB8A-6F4DE43ABE2E}") = "PingDong.CleanArchitect.Service.Testing.UnitTests", "src\PingDong.CleanArchitect.Service.Testing.UnitTests\PingDong.CleanArchitect.Service.Testing.UnitTests.csproj", "{0CFEB7F3-9F1F-4EB4-919A-1E37F9A4A461}"
EndProject
Global
	GlobalSection(SolutionConfigurationPlatforms) = preSolution
		Debug|Any CPU = Debug|Any CPU
		Release|Any CPU = Release|Any CPU
	EndGlobalSection
	GlobalSection(ProjectConfigurationPlatforms) = postSolution
		{0C8ECA2F-B875-4176-B2ED-D08639CDD1C8}.Debug|Any CPU.ActiveCfg = Debug|Any CPU
		{0C8ECA2F-B875-4176-B2ED-D08639CDD1C8}.Debug|Any CPU.Build.0 = Debug|Any CPU
		{0C8ECA2F-B875-4176-B2ED-D08639CDD1C8}.Release|Any CPU.ActiveCfg = Release|Any CPU
		{0C8ECA2F-B875-4176-B2ED-D08639CDD1C8}.Release|Any CPU.Build.0 = Release|Any CPU
		{0CFEB7F3-9F1F-4EB4-919A-1E37F9A4A461}.Debug|Any CPU.ActiveCfg = Debug|Any CPU
		{0CFEB7F3-9F1F-4EB4-919A-1E37F9A4A461}.Debug|Any CPU.Build.0 = Debug|Any CPU
		{0CFEB7F3-9F1F-4EB4-919A-1E37F9A4A461}.Release|Any CPU.ActiveCfg = Release|Any CPU
		{0CFEB7F3-9F1F-4EB4-919A-1E37F9A4A461}.Release|Any CPU.Build.0 = Release|Any CPU
	EndGlobalSection
	GlobalSection(SolutionProperties) = preSolution
		HideSolutionNode = FALSE
	EndGlobalSection
	GlobalSection(ExtensibilityGlobals) = postSolution
		SolutionGuid = {890FD3D1-66D3-4CAF-9A3A-8A881DBD3A84}
	EndGlobalSection
EndGlobal
